
Microsoft Visual Studio Solution File, Format Version 12.00
# Visual Studio Version 16
VisualStudioVersion = 16.0.33927.289
MinimumVisualStudioVersion = 10.0.40219.1
Project("{2150E333-8FDC-42A3-9474-1A3956D46DE8}") = "Task0", "Task0", "{7C32D44D-9990-43B0-BE12-D6414BB982F4}"
EndProject
Project("{FAE04EC0-301F-11D3-BF4B-00C04F79EFBC}") = "Tyuiu.ZaripovEO.Sprint4.Task0.V16", "Tyuiu.ZaripovEO.Sprint4.Task0.V16\Tyuiu.ZaripovEO.Sprint4.Task0.V16.csproj", "{65E2222F-AC28-4725-96AB-32C06C9BB61A}"
EndProject
Project("{FAE04EC0-301F-11D3-BF4B-00C04F79EFBC}") = "Tyuiu.ZaripovEO.Sprint4.Task0.V16.Lib", "Tyuiu.ZaripovEO.Sprint4.Task0.V16.Lib\Tyuiu.ZaripovEO.Sprint4.Task0.V16.Lib.csproj", "{D43BCF41-9B2E-4E3C-8B86-652A4121D54B}"
EndProject
Project("{FAE04EC0-301F-11D3-BF4B-00C04F79EFBC}") = "Tyuiu.ZaripovEO.Sprint4.Task0.V16.Test", "Tyuiu.ZaripovEO.Sprint4.Task0.V16.Test\Tyuiu.ZaripovEO.Sprint4.Task0.V16.Test.csproj", "{A310684E-5E77-463F-9481-16CFFA5AA0C4}"
EndProject
Project("{2150E333-8FDC-42A3-9474-1A3956D46DE8}") = "Task1", "Task1", "{EFABB6B6-120A-492D-96CF-480C00C5B781}"
EndProject
Project("{FAE04EC0-301F-11D3-BF4B-00C04F79EFBC}") = "Tyuiu.ZaripovEO.Sprint4.Task1.V2", "Tyuiu.ZaripovEO.Sprint4.Task1.V2\Tyuiu.ZaripovEO.Sprint4.Task1.V2.csproj", "{8CDC9C1C-1A81-431D-AED4-4A0BBB239878}"
EndProject
Project("{FAE04EC0-301F-11D3-BF4B-00C04F79EFBC}") = "Tyuiu.ZaripovEO.Sprint4.Task1.V2.Test", "Tyuiu.ZaripovEO.Sprint4.Task1.V2.Test\Tyuiu.ZaripovEO.Sprint4.Task1.V2.Test.csproj", "{6B70C4B3-5E4E-4876-AD62-89310CACA0D8}"
EndProject
Project("{FAE04EC0-301F-11D3-BF4B-00C04F79EFBC}") = "Tyuiu.ZaripovEO.Sprint4.Task1.V2.Lib", "Tyuiu.ZaripovEO.Sprint4.Task1.V2.Lib\Tyuiu.ZaripovEO.Sprint4.Task1.V2.Lib.csproj", "{208790FF-1985-419D-BA4A-9D23BCFCC189}"
EndProject
Project("{2150E333-8FDC-42A3-9474-1A3956D46DE8}") = "Task2", "Task2", "{E7B6FA37-C4FD-423F-A437-5C7DCD249DFF}"
EndProject
Project("{FAE04EC0-301F-11D3-BF4B-00C04F79EFBC}") = "Tyuiu.ZaripovEO.Sprint4.Task2.V29", "Tyuiu.ZaripovEO.Sprint4.Task2.V29\Tyuiu.ZaripovEO.Sprint4.Task2.V29.csproj", "{8AC33DCF-FC19-459A-B727-0A8BDAC54681}"
EndProject
Project("{FAE04EC0-301F-11D3-BF4B-00C04F79EFBC}") = "Tyuiu.ZaripovEO.Sprint4.Task2.V29.Test", "Tyuiu.ZaripovEO.Sprint4.Task2.V29.Test\Tyuiu.ZaripovEO.Sprint4.Task2.V29.Test.csproj", "{DD3DECFE-37B5-4992-A5FA-C197E6B7E8C4}"
EndProject
Project("{FAE04EC0-301F-11D3-BF4B-00C04F79EFBC}") = "Tyuiu.ZaripovEO.Sprint4.Task2.V29.Lib", "Tyuiu.ZaripovEO.Sprint4.Task2.V29.Lib\Tyuiu.ZaripovEO.Sprint4.Task2.V29.Lib.csproj", "{1B61608C-E118-4670-80EC-1FA9D91C09A7}"
EndProject
Global
	GlobalSection(SolutionConfigurationPlatforms) = preSolution
		Debug|Any CPU = Debug|Any CPU
		Release|Any CPU = Release|Any CPU
	EndGlobalSection
	GlobalSection(ProjectConfigurationPlatforms) = postSolution
		{65E2222F-AC28-4725-96AB-32C06C9BB61A}.Debug|Any CPU.ActiveCfg = Debug|Any CPU
		{65E2222F-AC28-4725-96AB-32C06C9BB61A}.Debug|Any CPU.Build.0 = Debug|Any CPU
		{65E2222F-AC28-4725-96AB-32C06C9BB61A}.Release|Any CPU.ActiveCfg = Release|Any CPU
		{65E2222F-AC28-4725-96AB-32C06C9BB61A}.Release|Any CPU.Build.0 = Release|Any CPU
		{D43BCF41-9B2E-4E3C-8B86-652A4121D54B}.Debug|Any CPU.ActiveCfg = Debug|Any CPU
		{D43BCF41-9B2E-4E3C-8B86-652A4121D54B}.Debug|Any CPU.Build.0 = Debug|Any CPU
		{D43BCF41-9B2E-4E3C-8B86-652A4121D54B}.Release|Any CPU.ActiveCfg = Release|Any CPU
		{D43BCF41-9B2E-4E3C-8B86-652A4121D54B}.Release|Any CPU.Build.0 = Release|Any CPU
		{A310684E-5E77-463F-9481-16CFFA5AA0C4}.Debug|Any CPU.ActiveCfg = Debug|Any CPU
		{A310684E-5E77-463F-9481-16CFFA5AA0C4}.Debug|Any CPU.Build.0 = Debug|Any CPU
		{A310684E-5E77-463F-9481-16CFFA5AA0C4}.Release|Any CPU.ActiveCfg = Release|Any CPU
		{A310684E-5E77-463F-9481-16CFFA5AA0C4}.Release|Any CPU.Build.0 = Release|Any CPU
		{8CDC9C1C-1A81-431D-AED4-4A0BBB239878}.Debug|Any CPU.ActiveCfg = Debug|Any CPU
		{8CDC9C1C-1A81-431D-AED4-4A0BBB239878}.Debug|Any CPU.Build.0 = Debug|Any CPU
		{8CDC9C1C-1A81-431D-AED4-4A0BBB239878}.Release|Any CPU.ActiveCfg = Release|Any CPU
		{8CDC9C1C-1A81-431D-AED4-4A0BBB239878}.Release|Any CPU.Build.0 = Release|Any CPU
		{6B70C4B3-5E4E-4876-AD62-89310CACA0D8}.Debug|Any CPU.ActiveCfg = Debug|Any CPU
		{6B70C4B3-5E4E-4876-AD62-89310CACA0D8}.Debug|Any CPU.Build.0 = Debug|Any CPU
		{6B70C4B3-5E4E-4876-AD62-89310CACA0D8}.Release|Any CPU.ActiveCfg = Release|Any CPU
		{6B70C4B3-5E4E-4876-AD62-89310CACA0D8}.Release|Any CPU.Build.0 = Release|Any CPU
		{208790FF-1985-419D-BA4A-9D23BCFCC189}.Debug|Any CPU.ActiveCfg = Debug|Any CPU
		{208790FF-1985-419D-BA4A-9D23BCFCC189}.Debug|Any CPU.Build.0 = Debug|Any CPU
		{208790FF-1985-419D-BA4A-9D23BCFCC189}.Release|Any CPU.ActiveCfg = Release|Any CPU
		{208790FF-1985-419D-BA4A-9D23BCFCC189}.Release|Any CPU.Build.0 = Release|Any CPU
		{8AC33DCF-FC19-459A-B727-0A8BDAC54681}.Debug|Any CPU.ActiveCfg = Debug|Any CPU
		{8AC33DCF-FC19-459A-B727-0A8BDAC54681}.Debug|Any CPU.Build.0 = Debug|Any CPU
		{8AC33DCF-FC19-459A-B727-0A8BDAC54681}.Release|Any CPU.ActiveCfg = Release|Any CPU
		{8AC33DCF-FC19-459A-B727-0A8BDAC54681}.Release|Any CPU.Build.0 = Release|Any CPU
		{DD3DECFE-37B5-4992-A5FA-C197E6B7E8C4}.Debug|Any CPU.ActiveCfg = Debug|Any CPU
		{DD3DECFE-37B5-4992-A5FA-C197E6B7E8C4}.Debug|Any CPU.Build.0 = Debug|Any CPU
		{DD3DECFE-37B5-4992-A5FA-C197E6B7E8C4}.Release|Any CPU.ActiveCfg = Release|Any CPU
		{DD3DECFE-37B5-4992-A5FA-C197E6B7E8C4}.Release|Any CPU.Build.0 = Release|Any CPU
		{1B61608C-E118-4670-80EC-1FA9D91C09A7}.Debug|Any CPU.ActiveCfg = Debug|Any CPU
		{1B61608C-E118-4670-80EC-1FA9D91C09A7}.Debug|Any CPU.Build.0 = Debug|Any CPU
		{1B61608C-E118-4670-80EC-1FA9D91C09A7}.Release|Any CPU.ActiveCfg = Release|Any CPU
		{1B61608C-E118-4670-80EC-1FA9D91C09A7}.Release|Any CPU.Build.0 = Release|Any CPU
	EndGlobalSection
	GlobalSection(SolutionProperties) = preSolution
		HideSolutionNode = FALSE
	EndGlobalSection
	GlobalSection(NestedProjects) = preSolution
		{65E2222F-AC28-4725-96AB-32C06C9BB61A} = {7C32D44D-9990-43B0-BE12-D6414BB982F4}
		{D43BCF41-9B2E-4E3C-8B86-652A4121D54B} = {7C32D44D-9990-43B0-BE12-D6414BB982F4}
		{A310684E-5E77-463F-9481-16CFFA5AA0C4} = {7C32D44D-9990-43B0-BE12-D6414BB982F4}
		{8CDC9C1C-1A81-431D-AED4-4A0BBB239878} = {EFABB6B6-120A-492D-96CF-480C00C5B781}
		{6B70C4B3-5E4E-4876-AD62-89310CACA0D8} = {EFABB6B6-120A-492D-96CF-480C00C5B781}
		{208790FF-1985-419D-BA4A-9D23BCFCC189} = {EFABB6B6-120A-492D-96CF-480C00C5B781}
		{8AC33DCF-FC19-459A-B727-0A8BDAC54681} = {E7B6FA37-C4FD-423F-A437-5C7DCD249DFF}
		{DD3DECFE-37B5-4992-A5FA-C197E6B7E8C4} = {E7B6FA37-C4FD-423F-A437-5C7DCD249DFF}
		{1B61608C-E118-4670-80EC-1FA9D91C09A7} = {E7B6FA37-C4FD-423F-A437-5C7DCD249DFF}
	EndGlobalSection
	GlobalSection(ExtensibilityGlobals) = postSolution
		SolutionGuid = {D6BDEE88-76B3-49FB-BE2D-AA2C7A5C56B1}
	EndGlobalSection
EndGlobal
